
Microsoft Visual Studio Solution File, Format Version 12.00
# Visual Studio 14
VisualStudioVersion = 14.0.25420.1
MinimumVisualStudioVersion = 10.0.40219.1
Project("{FAE04EC0-301F-11D3-BF4B-00C04F79EFBC}") = "FibonacciNumbers", "FibonacciNumbers\FibonacciNumbers.csproj", "{C7893C4B-CBA8-4E0B-82FB-C74BA3148A27}"
EndProject
Project("{FAE04EC0-301F-11D3-BF4B-00C04F79EFBC}") = "FibonacciNumbersConsole", "FibonacciNumbersConsole\FibonacciNumbersConsole.csproj", "{70782F79-807A-4466-A055-2D2F66BB7C14}"
EndProject
Project("{FAE04EC0-301F-11D3-BF4B-00C04F79EFBC}") = "FibonacciNumbersTests", "FibonacciNumbersTests\FibonacciNumbersTests.csproj", "{1A36D277-6BDE-4410-9EFC-0D1C0DB32993}"
EndProject
Global
	GlobalSection(SolutionConfigurationPlatforms) = preSolution
		Debug|Any CPU = Debug|Any CPU
		Release|Any CPU = Release|Any CPU
	EndGlobalSection
	GlobalSection(ProjectConfigurationPlatforms) = postSolution
		{C7893C4B-CBA8-4E0B-82FB-C74BA3148A27}.Debug|Any CPU.ActiveCfg = Debug|Any CPU
		{C7893C4B-CBA8-4E0B-82FB-C74BA3148A27}.Debug|Any CPU.Build.0 = Debug|Any CPU
		{C7893C4B-CBA8-4E0B-82FB-C74BA3148A27}.Release|Any CPU.ActiveCfg = Release|Any CPU
		{C7893C4B-CBA8-4E0B-82FB-C74BA3148A27}.Release|Any CPU.Build.0 = Release|Any CPU
		{70782F79-807A-4466-A055-2D2F66BB7C14}.Debug|Any CPU.ActiveCfg = Debug|Any CPU
		{70782F79-807A-4466-A055-2D2F66BB7C14}.Debug|Any CPU.Build.0 = Debug|Any CPU
		{70782F79-807A-4466-A055-2D2F66BB7C14}.Release|Any CPU.ActiveCfg = Release|Any CPU
		{70782F79-807A-4466-A055-2D2F66BB7C14}.Release|Any CPU.Build.0 = Release|Any CPU
		{1A36D277-6BDE-4410-9EFC-0D1C0DB32993}.Debug|Any CPU.ActiveCfg = Debug|Any CPU
		{1A36D277-6BDE-4410-9EFC-0D1C0DB32993}.Debug|Any CPU.Build.0 = Debug|Any CPU
		{1A36D277-6BDE-4410-9EFC-0D1C0DB32993}.Release|Any CPU.ActiveCfg = Release|Any CPU
		{1A36D277-6BDE-4410-9EFC-0D1C0DB32993}.Release|Any CPU.Build.0 = Release|Any CPU
	EndGlobalSection
	GlobalSection(SolutionProperties) = preSolution
		HideSolutionNode = FALSE
	EndGlobalSection
EndGlobal
