
Microsoft Visual Studio Solution File, Format Version 12.00
# Visual Studio 14
VisualStudioVersion = 14.0.25420.1
MinimumVisualStudioVersion = 10.0.40219.1
Project("{FAE04EC0-301F-11D3-BF4B-00C04F79EFBC}") = "TreeView", "TreeView\TreeView.csproj", "{7FBEE0B3-AD70-4674-BF19-C1F8944AE5FD}"
EndProject
Project("{FAE04EC0-301F-11D3-BF4B-00C04F79EFBC}") = "TreeView.Tests", "TreeView.Tests\TreeView.Tests.csproj", "{927986B7-5E0F-496E-9D13-82A63CB823F7}"
EndProject
Global
	GlobalSection(SolutionConfigurationPlatforms) = preSolution
		Debug|Any CPU = Debug|Any CPU
		Release|Any CPU = Release|Any CPU
	EndGlobalSection
	GlobalSection(ProjectConfigurationPlatforms) = postSolution
		{7FBEE0B3-AD70-4674-BF19-C1F8944AE5FD}.Debug|Any CPU.ActiveCfg = Debug|Any CPU
		{7FBEE0B3-AD70-4674-BF19-C1F8944AE5FD}.Debug|Any CPU.Build.0 = Debug|Any CPU
		{7FBEE0B3-AD70-4674-BF19-C1F8944AE5FD}.Release|Any CPU.ActiveCfg = Release|Any CPU
		{7FBEE0B3-AD70-4674-BF19-C1F8944AE5FD}.Release|Any CPU.Build.0 = Release|Any CPU
		{927986B7-5E0F-496E-9D13-82A63CB823F7}.Debug|Any CPU.ActiveCfg = Debug|Any CPU
		{927986B7-5E0F-496E-9D13-82A63CB823F7}.Debug|Any CPU.Build.0 = Debug|Any CPU
		{927986B7-5E0F-496E-9D13-82A63CB823F7}.Release|Any CPU.ActiveCfg = Release|Any CPU
		{927986B7-5E0F-496E-9D13-82A63CB823F7}.Release|Any CPU.Build.0 = Release|Any CPU
	EndGlobalSection
	GlobalSection(SolutionProperties) = preSolution
		HideSolutionNode = FALSE
	EndGlobalSection
EndGlobal
