
Microsoft Visual Studio Solution File, Format Version 12.00
# Visual Studio 14
VisualStudioVersion = 14.0.25420.1
MinimumVisualStudioVersion = 10.0.40219.1
Project("{FAE04EC0-301F-11D3-BF4B-00C04F79EFBC}") = "UrlLoader", "UrlLoader\UrlLoader.csproj", "{7F2E7FCE-413B-4EC7-9899-368926296B26}"
EndProject
Project("{FAE04EC0-301F-11D3-BF4B-00C04F79EFBC}") = "UrlLoaderConsole", "UrlLoaderConsole\UrlLoaderConsole.csproj", "{8D9F737C-F353-4E21-B88A-139E37155191}"
EndProject
Project("{FAE04EC0-301F-11D3-BF4B-00C04F79EFBC}") = "UrlLoader.tests", "UrlLoader.tests\UrlLoader.tests.csproj", "{1D550A75-6FC7-4B46-8D36-535E561FBF57}"
EndProject
Global
	GlobalSection(SolutionConfigurationPlatforms) = preSolution
		Debug|Any CPU = Debug|Any CPU
		Release|Any CPU = Release|Any CPU
	EndGlobalSection
	GlobalSection(ProjectConfigurationPlatforms) = postSolution
		{7F2E7FCE-413B-4EC7-9899-368926296B26}.Debug|Any CPU.ActiveCfg = Debug|Any CPU
		{7F2E7FCE-413B-4EC7-9899-368926296B26}.Debug|Any CPU.Build.0 = Debug|Any CPU
		{7F2E7FCE-413B-4EC7-9899-368926296B26}.Release|Any CPU.ActiveCfg = Release|Any CPU
		{7F2E7FCE-413B-4EC7-9899-368926296B26}.Release|Any CPU.Build.0 = Release|Any CPU
		{8D9F737C-F353-4E21-B88A-139E37155191}.Debug|Any CPU.ActiveCfg = Debug|Any CPU
		{8D9F737C-F353-4E21-B88A-139E37155191}.Debug|Any CPU.Build.0 = Debug|Any CPU
		{8D9F737C-F353-4E21-B88A-139E37155191}.Release|Any CPU.ActiveCfg = Release|Any CPU
		{8D9F737C-F353-4E21-B88A-139E37155191}.Release|Any CPU.Build.0 = Release|Any CPU
		{1D550A75-6FC7-4B46-8D36-535E561FBF57}.Debug|Any CPU.ActiveCfg = Debug|Any CPU
		{1D550A75-6FC7-4B46-8D36-535E561FBF57}.Debug|Any CPU.Build.0 = Debug|Any CPU
		{1D550A75-6FC7-4B46-8D36-535E561FBF57}.Release|Any CPU.ActiveCfg = Release|Any CPU
		{1D550A75-6FC7-4B46-8D36-535E561FBF57}.Release|Any CPU.Build.0 = Release|Any CPU
	EndGlobalSection
	GlobalSection(SolutionProperties) = preSolution
		HideSolutionNode = FALSE
	EndGlobalSection
EndGlobal
